
Microsoft Visual Studio Solution File, Format Version 12.00
# Visual Studio Version 17
VisualStudioVersion = 17.4.33205.214
MinimumVisualStudioVersion = 10.0.40219.1
Project("{FAE04EC0-301F-11D3-BF4B-00C04F79EFBC}") = "CompanyEmployees", "CompanyEmployees\CompanyEmployees.csproj", "{20ED1872-14D6-4AA7-8BB9-B23B704BA613}"
EndProject
Global
	GlobalSection(SolutionConfigurationPlatforms) = preSolution
		Debug|Any CPU = Debug|Any CPU
		Release|Any CPU = Release|Any CPU
	EndGlobalSection
	GlobalSection(ProjectConfigurationPlatforms) = postSolution
		{20ED1872-14D6-4AA7-8BB9-B23B704BA613}.Debug|Any CPU.ActiveCfg = Debug|Any CPU
		{20ED1872-14D6-4AA7-8BB9-B23B704BA613}.Debug|Any CPU.Build.0 = Debug|Any CPU
		{20ED1872-14D6-4AA7-8BB9-B23B704BA613}.Release|Any CPU.ActiveCfg = Release|Any CPU
		{20ED1872-14D6-4AA7-8BB9-B23B704BA613}.Release|Any CPU.Build.0 = Release|Any CPU
	EndGlobalSection
	GlobalSection(SolutionProperties) = preSolution
		HideSolutionNode = FALSE
	EndGlobalSection
	GlobalSection(ExtensibilityGlobals) = postSolution
		SolutionGuid = {EB665CCC-15A8-4B51-B5A3-5E40ACD8DE72}
	EndGlobalSection
EndGlobal
